
Microsoft Visual Studio Solution File, Format Version 12.00
# Visual Studio Version 17
VisualStudioVersion = 17.8.34330.188
MinimumVisualStudioVersion = 10.0.40219.1
Project("{9A19103F-16F7-4668-BE54-9A1E7A4F7556}") = "eUni", "eUni\eUni.csproj", "{DEBFBCD2-4E1F-4D5F-9704-8BBEDE69FB1C}"
EndProject
Global
	GlobalSection(SolutionConfigurationPlatforms) = preSolution
		Debug|Any CPU = Debug|Any CPU
		Release|Any CPU = Release|Any CPU
	EndGlobalSection
	GlobalSection(ProjectConfigurationPlatforms) = postSolution
		{DEBFBCD2-4E1F-4D5F-9704-8BBEDE69FB1C}.Debug|Any CPU.ActiveCfg = Debug|Any CPU
		{DEBFBCD2-4E1F-4D5F-9704-8BBEDE69FB1C}.Debug|Any CPU.Build.0 = Debug|Any CPU
		{DEBFBCD2-4E1F-4D5F-9704-8BBEDE69FB1C}.Release|Any CPU.ActiveCfg = Release|Any CPU
		{DEBFBCD2-4E1F-4D5F-9704-8BBEDE69FB1C}.Release|Any CPU.Build.0 = Release|Any CPU
	EndGlobalSection
	GlobalSection(SolutionProperties) = preSolution
		HideSolutionNode = FALSE
	EndGlobalSection
	GlobalSection(ExtensibilityGlobals) = postSolution
		SolutionGuid = {68FB085A-D9E5-4B5B-9013-F6C421AEC2ED}
	EndGlobalSection
EndGlobal
